
Microsoft Visual Studio Solution File, Format Version 12.00
# Visual Studio Version 17
VisualStudioVersion = 17.10.34928.147
MinimumVisualStudioVersion = 10.0.40219.1
Project("{9A19103F-16F7-4668-BE54-9A1E7A4F7556}") = "AspNetCoreBlazorTest", "AspNetCoreBlazorTest\AspNetCoreBlazorTest.csproj", "{695F42F4-8814-401F-BEF5-F9B96D0A4988}"
EndProject
Global
	GlobalSection(SolutionConfigurationPlatforms) = preSolution
		Debug|Any CPU = Debug|Any CPU
		Release|Any CPU = Release|Any CPU
	EndGlobalSection
	GlobalSection(ProjectConfigurationPlatforms) = postSolution
		{695F42F4-8814-401F-BEF5-F9B96D0A4988}.Debug|Any CPU.ActiveCfg = Debug|Any CPU
		{695F42F4-8814-401F-BEF5-F9B96D0A4988}.Debug|Any CPU.Build.0 = Debug|Any CPU
		{695F42F4-8814-401F-BEF5-F9B96D0A4988}.Release|Any CPU.ActiveCfg = Release|Any CPU
		{695F42F4-8814-401F-BEF5-F9B96D0A4988}.Release|Any CPU.Build.0 = Release|Any CPU
	EndGlobalSection
	GlobalSection(SolutionProperties) = preSolution
		HideSolutionNode = FALSE
	EndGlobalSection
	GlobalSection(ExtensibilityGlobals) = postSolution
		SolutionGuid = {65D7F248-F302-4F54-A321-AACBD8DA21CB}
	EndGlobalSection
EndGlobal
